// !$*UTF8*$!
{
	archiveVersion = 1; classes = {}; objectVersion = 56;
	objects = {
		09AA38CEF3EA53936A20C858 = {isa = XCBuildConfiguration; buildSettings = {ALWAYS_SEARCH_USER_PATHS = "NO"; CLANG_ANALYZER_NONNULL = "YES"; DEBUG_INFORMATION_FORMAT = "dwarf"; ENABLE_TESTABILITY = "YES"; GCC_WARN_64_TO_32_BIT_CONVERSION = "YES"; SWIFT_ACTIVE_COMPILATION_CONDITIONS = "DEBUG"; SWIFT_OPTIMIZATION_LEVEL = "-Onone";}; name = Debug;};
		09E6529B93DA551B08A7682A = {isa = PBXFileReference; lastKnownFileType = sourcecode.swift; path = "App/CanvasInput.swift"; sourceTree = SOURCE_ROOT;};
		0A8F9E3B5289AFB459FD2F9D = {isa = PBXFileReference; lastKnownFileType = sourcecode.swift; path = "App/PaintEngine.swift"; sourceTree = SOURCE_ROOT;};
		0E5696B509248CDE2BEC2195 = {isa = PBXBuildFile; fileRef = 942908512B2ADA4C8D0B505E;};
		10571993683DBD1733119267 = {isa = PBXBuildFile; fileRef = 63E8DC3AFC42DB051BD1A405;};
		159C934F6D13B654CD394940 = {isa = PBXBuildFile; fileRef = FBED26669EE37950D45516B5;};
		16E6AF673430F57BCB9091E9 = {isa = PBXFileReference; lastKnownFileType = sourcecode.swift; path = "AppTests/PaintEngineTests.swift"; sourceTree = SOURCE_ROOT;};
		1B9014A9E6A30F23EBFD42C8 = {isa = PBXTargetDependency; target = 210EBF30BFFDDEF6EB2D5DCB; targetProxy = FFFAAEE96A38B72BC38CB8E8;};
		1CE8DE33F8154A16D41D71D2 = {isa = PBXFileReference; explicitFileType = wrapper.cfbundle; includeInIndex = 0; path = SumiPaintTests.xctest; sourceTree = BUILT_PRODUCTS_DIR;};
		1E955C7AB01480A3202542C6 = {isa = PBXFileReference; lastKnownFileType = sourcecode.swift; path = "Sources/DrawingCore/Models.swift"; sourceTree = SOURCE_ROOT;};
		210EBF30BFFDDEF6EB2D5DCB = {isa = PBXNativeTarget; buildConfigurationList = D32BC485519CD2CCD9CBFB36; buildPhases = (2D15342DFDC943DEE5423123, 37D875C7F772BEE76C29F37F, D7E59381249B68633B06BABD); buildRules = (); dependencies = (); name = "SumiPaint-macOS"; productName = "Sumi Paint"; productReference = 70D5D221F6CB2B1F9ED3A671; productType = "com.apple.product-type.application";};
		22E923F07D6459333CDFAF6A = {isa = PBXResourcesBuildPhase; buildActionMask = 2147483647; files = (); runOnlyForDeploymentPostprocessing = 0;};
		244210E48437B6556980A702 = {isa = PBXProject; attributes = {LastUpgradeCheck = 1600; LastSwiftUpdateCheck = 1600;}; buildConfigurationList = 4F9780D05AFB226691EE6E8A; compatibilityVersion = "Xcode 14.0"; developmentRegion = ja; hasScannedForEncodings = 0; knownRegions = (ja, en, Base); mainGroup = 664F835B1ED89846DAB355B5; productRefGroup = BEAD8915881B60FC177E63AB; projectDirPath = ""; projectRoot = ""; targets = (210EBF30BFFDDEF6EB2D5DCB, 7239EE409842619559C576E9, 59830EBC3A4184110566BF1A);};
		27A686FD5C3002C4A1C3AEA6 = {isa = PBXBuildFile; fileRef = 6371B36C22B96FB4243E34CF;};
		29A6C7B7960B19762E2FD6C7 = {isa = PBXFileReference; explicitFileType = wrapper.application; includeInIndex = 0; path = "Sumi Paint.app"; sourceTree = BUILT_PRODUCTS_DIR;};
		2A06C8CD236AD0F23D0B3D89 = {isa = XCBuildConfiguration; buildSettings = {CLANG_ENABLE_MODULES = "YES"; CLANG_ENABLE_OBJC_ARC = "YES"; CODE_SIGN_STYLE = "Automatic"; CURRENT_PROJECT_VERSION = "1"; DEBUG_INFORMATION_FORMAT = "dwarf"; ENABLE_TESTABILITY = "YES"; ENABLE_USER_SCRIPT_SANDBOXING = "YES"; GENERATE_INFOPLIST_FILE = "NO"; INFOPLIST_FILE = "App/Info-iOS.plist"; IPHONEOS_DEPLOYMENT_TARGET = "17.0"; LD_RUNPATH_SEARCH_PATHS = "$(inherited) @executable_path/Frameworks"; MARKETING_VERSION = "0.1.0"; MTL_ENABLE_DEBUG_INFO = "INCLUDE_SOURCE"; MTL_FAST_MATH = "YES"; PRODUCT_BUNDLE_IDENTIFIER = "app.dendencat.sumipaint"; PRODUCT_MODULE_NAME = "SumiPaint"; PRODUCT_NAME = "Sumi Paint"; SDKROOT = "iphoneos"; SUPPORTED_PLATFORMS = "iphoneos iphonesimulator"; SUPPORTS_MACCATALYST = "NO"; SWIFT_ACTIVE_COMPILATION_CONDITIONS = "DEBUG"; SWIFT_EMIT_LOC_STRINGS = "YES"; SWIFT_OPTIMIZATION_LEVEL = "-Onone"; SWIFT_VERSION = "5.0"; TARGETED_DEVICE_FAMILY = "1,2";}; name = Debug;};
		2C51B24F1BD0E37CCD3A85CD = {isa = XCBuildConfiguration; buildSettings = {ALWAYS_SEARCH_USER_PATHS = "NO"; CLANG_ANALYZER_NONNULL = "YES"; DEBUG_INFORMATION_FORMAT = "dwarf-with-dsym"; ENABLE_TESTABILITY = "NO"; GCC_WARN_64_TO_32_BIT_CONVERSION = "YES"; SWIFT_OPTIMIZATION_LEVEL = "-O";}; name = Release;};
		2D15342DFDC943DEE5423123 = {isa = PBXSourcesBuildPhase; buildActionMask = 2147483647; files = (CD647C06C3AA0A940ECC7483, 4A9E6A6A693FEA85D56D5A4C, 34A0C81E9A0F8748D895BAB0, 82410478E8BD773A26023ECF, 36AF11AD963CD518FEC72C6F, 6A5D23BC1C9BB8963DC75A74, E2F0E63412E0DE9895A444F6, 0E5696B509248CDE2BEC2195, 8ACF35E3014628F0E8652ED3, 37D31890B6AB6D8912C9F2F5, 4744D6599349BEE53B0E72E2, 159C934F6D13B654CD394940, A15CA54B2D196BCFD8136321); runOnlyForDeploymentPostprocessing = 0;};
		300B86F5FDBBD3FBF91CFD16 = {isa = XCConfigurationList; buildConfigurations = (2A06C8CD236AD0F23D0B3D89, 44C1AA6ED46E5DA03FA13F57); defaultConfigurationIsVisible = 0; defaultConfigurationName = Release;};
		34A0C81E9A0F8748D895BAB0 = {isa = PBXBuildFile; fileRef = D35781DBCC1CDC3E0E68E0FE;};
		36AF11AD963CD518FEC72C6F = {isa = PBXBuildFile; fileRef = 0A8F9E3B5289AFB459FD2F9D;};
		379DF5136BD271127BFF3FDC = {isa = PBXSourcesBuildPhase; buildActionMask = 2147483647; files = (D36B1C78A982FFDA796DAA5A); runOnlyForDeploymentPostprocessing = 0;};
		37D31890B6AB6D8912C9F2F5 = {isa = PBXBuildFile; fileRef = 1E955C7AB01480A3202542C6;};
		37D875C7F772BEE76C29F37F = {isa = PBXFrameworksBuildPhase; buildActionMask = 2147483647; files = (); runOnlyForDeploymentPostprocessing = 0;};
		3A2D7EF78FAC0AB917310819 = {isa = XCBuildConfiguration; buildSettings = {BUNDLE_LOADER = "$(TEST_HOST)"; CODE_SIGN_STYLE = "Automatic"; DEBUG_INFORMATION_FORMAT = "dwarf"; ENABLE_TESTABILITY = "YES"; GENERATE_INFOPLIST_FILE = "YES"; LD_RUNPATH_SEARCH_PATHS = "$(inherited) @executable_path/../Frameworks @loader_path/../Frameworks"; MACOSX_DEPLOYMENT_TARGET = "14.0"; PRODUCT_BUNDLE_IDENTIFIER = "app.dendencat.sumipaint.tests"; PRODUCT_NAME = "SumiPaintTests"; SDKROOT = "macosx"; SWIFT_ACTIVE_COMPILATION_CONDITIONS = "DEBUG"; SWIFT_OPTIMIZATION_LEVEL = "-Onone"; SWIFT_VERSION = "5.0"; TEST_HOST = "$(BUILT_PRODUCTS_DIR)/Sumi Paint.app/Contents/MacOS/Sumi Paint";}; name = Debug;};
		3B8FD94FEC32A91743F5C1EC = {isa = PBXFileReference; lastKnownFileType = sourcecode.metal; path = "App/PaintShaders.metal"; sourceTree = SOURCE_ROOT;};
		44C1AA6ED46E5DA03FA13F57 = {isa = XCBuildConfiguration; buildSettings = {CLANG_ENABLE_MODULES = "YES"; CLANG_ENABLE_OBJC_ARC = "YES"; CODE_SIGN_STYLE = "Automatic"; CURRENT_PROJECT_VERSION = "1"; DEBUG_INFORMATION_FORMAT = "dwarf-with-dsym"; ENABLE_TESTABILITY = "NO"; ENABLE_USER_SCRIPT_SANDBOXING = "YES"; GENERATE_INFOPLIST_FILE = "NO"; INFOPLIST_FILE = "App/Info-iOS.plist"; IPHONEOS_DEPLOYMENT_TARGET = "17.0"; LD_RUNPATH_SEARCH_PATHS = "$(inherited) @executable_path/Frameworks"; MARKETING_VERSION = "0.1.0"; MTL_ENABLE_DEBUG_INFO = "INCLUDE_SOURCE"; MTL_FAST_MATH = "YES"; PRODUCT_BUNDLE_IDENTIFIER = "app.dendencat.sumipaint"; PRODUCT_MODULE_NAME = "SumiPaint"; PRODUCT_NAME = "Sumi Paint"; SDKROOT = "iphoneos"; SUPPORTED_PLATFORMS = "iphoneos iphonesimulator"; SUPPORTS_MACCATALYST = "NO"; SWIFT_EMIT_LOC_STRINGS = "YES"; SWIFT_OPTIMIZATION_LEVEL = "-O"; SWIFT_VERSION = "5.0"; TARGETED_DEVICE_FAMILY = "1,2";}; name = Release;};
		4744D6599349BEE53B0E72E2 = {isa = PBXBuildFile; fileRef = BCDD2AA8182F9B22B4DE8480;};
		4A9E6A6A693FEA85D56D5A4C = {isa = PBXBuildFile; fileRef = 63E8DC3AFC42DB051BD1A405;};
		4BC5CEFF5C6717051A8EF1E6 = {isa = PBXBuildFile; fileRef = 51D123787810F156F757DAEB;};
		4BCE5AB972C80893A957CA71 = {isa = XCConfigurationList; buildConfigurations = (3A2D7EF78FAC0AB917310819, 756A5B942F0175901329817A); defaultConfigurationIsVisible = 0; defaultConfigurationName = Release;};
		4F9780D05AFB226691EE6E8A = {isa = XCConfigurationList; buildConfigurations = (09AA38CEF3EA53936A20C858, 2C51B24F1BD0E37CCD3A85CD); defaultConfigurationIsVisible = 0; defaultConfigurationName = Release;};
		51D123787810F156F757DAEB = {isa = PBXFileReference; lastKnownFileType = sourcecode.swift; path = "Sources/DrawingCore/StrokeProcessor.swift"; sourceTree = SOURCE_ROOT;};
		54BDEC950B3DCEA6994D400A = {isa = PBXBuildFile; fileRef = 09E6529B93DA551B08A7682A;};
		57BABD0A64FFD3C00D145171 = {isa = PBXSourcesBuildPhase; buildActionMask = 2147483647; files = (54BDEC950B3DCEA6994D400A, 10571993683DBD1733119267, DF8DE8C7A3DF4924581DB619, 27A686FD5C3002C4A1C3AEA6, 8BE17030E269726A0A07278D, B278A31F1D77CF223B423BC5, 5C282E96307BF9A0BF0C6897, B91BA43192E5F78B79DC9828, A1BDAC3C2D395DB0AFCC7C41, A1636118EA395F8471252AD2, 8B31A3C4BA79DB04460F2251, F712DA21233CCBADA524A384, 4BC5CEFF5C6717051A8EF1E6); runOnlyForDeploymentPostprocessing = 0;};
		59830EBC3A4184110566BF1A = {isa = PBXNativeTarget; buildConfigurationList = 4BCE5AB972C80893A957CA71; buildPhases = (379DF5136BD271127BFF3FDC, A03DA38CA6620D60C72421AB); buildRules = (); dependencies = (1B9014A9E6A30F23EBFD42C8); name = SumiPaintTests; productName = SumiPaintTests; productReference = 1CE8DE33F8154A16D41D71D2; productType = "com.apple.product-type.bundle.unit-test";};
		5C282E96307BF9A0BF0C6897 = {isa = PBXBuildFile; fileRef = 80AE849EAFBC1C0DB02D3C6D;};
		6371B36C22B96FB4243E34CF = {isa = PBXFileReference; lastKnownFileType = sourcecode.swift; path = "App/MacTabletInput.swift"; sourceTree = SOURCE_ROOT;};
		63E8DC3AFC42DB051BD1A405 = {isa = PBXFileReference; lastKnownFileType = sourcecode.swift; path = "App/EditorModel.swift"; sourceTree = SOURCE_ROOT;};
		664F835B1ED89846DAB355B5 = {isa = PBXGroup; children = (7AF67E312620FE2249281346, AB3FD6E88B09056CD74D4A5C, BEAD8915881B60FC177E63AB); sourceTree = "<group>";};
		6A5D23BC1C9BB8963DC75A74 = {isa = PBXBuildFile; fileRef = 3B8FD94FEC32A91743F5C1EC;};
		70D5D221F6CB2B1F9ED3A671 = {isa = PBXFileReference; explicitFileType = wrapper.application; includeInIndex = 0; path = "Sumi Paint.app"; sourceTree = BUILT_PRODUCTS_DIR;};
		7239EE409842619559C576E9 = {isa = PBXNativeTarget; buildConfigurationList = 300B86F5FDBBD3FBF91CFD16; buildPhases = (57BABD0A64FFD3C00D145171, FA8E8C501562C4214A583EF6, 22E923F07D6459333CDFAF6A); buildRules = (); dependencies = (); name = "SumiPaint-iOS"; productName = "Sumi Paint"; productReference = 29A6C7B7960B19762E2FD6C7; productType = "com.apple.product-type.application";};
		756A5B942F0175901329817A = {isa = XCBuildConfiguration; buildSettings = {BUNDLE_LOADER = "$(TEST_HOST)"; CODE_SIGN_STYLE = "Automatic"; DEBUG_INFORMATION_FORMAT = "dwarf-with-dsym"; ENABLE_TESTABILITY = "NO"; GENERATE_INFOPLIST_FILE = "YES"; LD_RUNPATH_SEARCH_PATHS = "$(inherited) @executable_path/../Frameworks @loader_path/../Frameworks"; MACOSX_DEPLOYMENT_TARGET = "14.0"; PRODUCT_BUNDLE_IDENTIFIER = "app.dendencat.sumipaint.tests"; PRODUCT_NAME = "SumiPaintTests"; SDKROOT = "macosx"; SWIFT_OPTIMIZATION_LEVEL = "-O"; SWIFT_VERSION = "5.0"; TEST_HOST = "$(BUILT_PRODUCTS_DIR)/Sumi Paint.app/Contents/MacOS/Sumi Paint";}; name = Release;};
		7AF67E312620FE2249281346 = {isa = PBXGroup; children = (09E6529B93DA551B08A7682A, 63E8DC3AFC42DB051BD1A405, D35781DBCC1CDC3E0E68E0FE, 6371B36C22B96FB4243E34CF, 0A8F9E3B5289AFB459FD2F9D, 3B8FD94FEC32A91743F5C1EC, 80AE849EAFBC1C0DB02D3C6D, 942908512B2ADA4C8D0B505E, 9BCE30A4E474BA4EE912DA02, 1E955C7AB01480A3202542C6, BCDD2AA8182F9B22B4DE8480, FBED26669EE37950D45516B5, 51D123787810F156F757DAEB); name = Sources; sourceTree = "<group>";};
		80AE849EAFBC1C0DB02D3C6D = {isa = PBXFileReference; lastKnownFileType = sourcecode.swift; path = "App/Panels.swift"; sourceTree = SOURCE_ROOT;};
		82410478E8BD773A26023ECF = {isa = PBXBuildFile; fileRef = 6371B36C22B96FB4243E34CF;};
		8ACF35E3014628F0E8652ED3 = {isa = PBXBuildFile; fileRef = 9BCE30A4E474BA4EE912DA02;};
		8B31A3C4BA79DB04460F2251 = {isa = PBXBuildFile; fileRef = BCDD2AA8182F9B22B4DE8480;};
		8BE17030E269726A0A07278D = {isa = PBXBuildFile; fileRef = 0A8F9E3B5289AFB459FD2F9D;};
		942908512B2ADA4C8D0B505E = {isa = PBXFileReference; lastKnownFileType = sourcecode.swift; path = "App/SumiPaintApp.swift"; sourceTree = SOURCE_ROOT;};
		9BCE30A4E474BA4EE912DA02 = {isa = PBXFileReference; lastKnownFileType = sourcecode.swift; path = "Sources/DrawingCore/InputModeStack.swift"; sourceTree = SOURCE_ROOT;};
		A03DA38CA6620D60C72421AB = {isa = PBXFrameworksBuildPhase; buildActionMask = 2147483647; files = (); runOnlyForDeploymentPostprocessing = 0;};
		A15CA54B2D196BCFD8136321 = {isa = PBXBuildFile; fileRef = 51D123787810F156F757DAEB;};
		A1636118EA395F8471252AD2 = {isa = PBXBuildFile; fileRef = 1E955C7AB01480A3202542C6;};
		A1BDAC3C2D395DB0AFCC7C41 = {isa = PBXBuildFile; fileRef = 9BCE30A4E474BA4EE912DA02;};
		AB3FD6E88B09056CD74D4A5C = {isa = PBXGroup; children = (16E6AF673430F57BCB9091E9); name = Tests; sourceTree = "<group>";};
		B278A31F1D77CF223B423BC5 = {isa = PBXBuildFile; fileRef = 3B8FD94FEC32A91743F5C1EC;};
		B91BA43192E5F78B79DC9828 = {isa = PBXBuildFile; fileRef = 942908512B2ADA4C8D0B505E;};
		BCDD2AA8182F9B22B4DE8480 = {isa = PBXFileReference; lastKnownFileType = sourcecode.swift; path = "Sources/DrawingCore/RasterOperations.swift"; sourceTree = SOURCE_ROOT;};
		BEAD8915881B60FC177E63AB = {isa = PBXGroup; children = (70D5D221F6CB2B1F9ED3A671, 29A6C7B7960B19762E2FD6C7, 1CE8DE33F8154A16D41D71D2); name = Products; sourceTree = "<group>";};
		CD647C06C3AA0A940ECC7483 = {isa = PBXBuildFile; fileRef = 09E6529B93DA551B08A7682A;};
		D32BC485519CD2CCD9CBFB36 = {isa = XCConfigurationList; buildConfigurations = (F41594246F667F520434F3F0, F5753BF1DCB8CF3A2B91798A); defaultConfigurationIsVisible = 0; defaultConfigurationName = Release;};
		D35781DBCC1CDC3E0E68E0FE = {isa = PBXFileReference; lastKnownFileType = sourcecode.swift; path = "App/EditorRoot.swift"; sourceTree = SOURCE_ROOT;};
		D36B1C78A982FFDA796DAA5A = {isa = PBXBuildFile; fileRef = 16E6AF673430F57BCB9091E9;};
		D7E59381249B68633B06BABD = {isa = PBXResourcesBuildPhase; buildActionMask = 2147483647; files = (); runOnlyForDeploymentPostprocessing = 0;};
		DF8DE8C7A3DF4924581DB619 = {isa = PBXBuildFile; fileRef = D35781DBCC1CDC3E0E68E0FE;};
		E2F0E63412E0DE9895A444F6 = {isa = PBXBuildFile; fileRef = 80AE849EAFBC1C0DB02D3C6D;};
		F41594246F667F520434F3F0 = {isa = XCBuildConfiguration; buildSettings = {CLANG_ENABLE_MODULES = "YES"; CLANG_ENABLE_OBJC_ARC = "YES"; CODE_SIGN_ENTITLEMENTS = "App/macOS.entitlements"; CODE_SIGN_STYLE = "Automatic"; CURRENT_PROJECT_VERSION = "1"; DEBUG_INFORMATION_FORMAT = "dwarf"; ENABLE_TESTABILITY = "YES"; ENABLE_USER_SCRIPT_SANDBOXING = "YES"; GENERATE_INFOPLIST_FILE = "NO"; INFOPLIST_FILE = "App/Info-macOS.plist"; LD_RUNPATH_SEARCH_PATHS = "$(inherited) @executable_path/../Frameworks"; MACOSX_DEPLOYMENT_TARGET = "14.0"; MARKETING_VERSION = "0.1.0"; MTL_ENABLE_DEBUG_INFO = "INCLUDE_SOURCE"; MTL_FAST_MATH = "YES"; PRODUCT_BUNDLE_IDENTIFIER = "app.dendencat.sumipaint.mac"; PRODUCT_MODULE_NAME = "SumiPaint"; PRODUCT_NAME = "Sumi Paint"; SDKROOT = "macosx"; SUPPORTED_PLATFORMS = "macosx"; SWIFT_ACTIVE_COMPILATION_CONDITIONS = "DEBUG"; SWIFT_EMIT_LOC_STRINGS = "YES"; SWIFT_OPTIMIZATION_LEVEL = "-Onone"; SWIFT_VERSION = "5.0";}; name = Debug;};
		F5753BF1DCB8CF3A2B91798A = {isa = XCBuildConfiguration; buildSettings = {CLANG_ENABLE_MODULES = "YES"; CLANG_ENABLE_OBJC_ARC = "YES"; CODE_SIGN_ENTITLEMENTS = "App/macOS.entitlements"; CODE_SIGN_STYLE = "Automatic"; CURRENT_PROJECT_VERSION = "1"; DEBUG_INFORMATION_FORMAT = "dwarf-with-dsym"; ENABLE_TESTABILITY = "NO"; ENABLE_USER_SCRIPT_SANDBOXING = "YES"; GENERATE_INFOPLIST_FILE = "NO"; INFOPLIST_FILE = "App/Info-macOS.plist"; LD_RUNPATH_SEARCH_PATHS = "$(inherited) @executable_path/../Frameworks"; MACOSX_DEPLOYMENT_TARGET = "14.0"; MARKETING_VERSION = "0.1.0"; MTL_ENABLE_DEBUG_INFO = "INCLUDE_SOURCE"; MTL_FAST_MATH = "YES"; PRODUCT_BUNDLE_IDENTIFIER = "app.dendencat.sumipaint.mac"; PRODUCT_MODULE_NAME = "SumiPaint"; PRODUCT_NAME = "Sumi Paint"; SDKROOT = "macosx"; SUPPORTED_PLATFORMS = "macosx"; SWIFT_EMIT_LOC_STRINGS = "YES"; SWIFT_OPTIMIZATION_LEVEL = "-O"; SWIFT_VERSION = "5.0";}; name = Release;};
		F712DA21233CCBADA524A384 = {isa = PBXBuildFile; fileRef = FBED26669EE37950D45516B5;};
		FA8E8C501562C4214A583EF6 = {isa = PBXFrameworksBuildPhase; buildActionMask = 2147483647; files = (); runOnlyForDeploymentPostprocessing = 0;};
		FBED26669EE37950D45516B5 = {isa = PBXFileReference; lastKnownFileType = sourcecode.swift; path = "Sources/DrawingCore/RecoveryWriter.swift"; sourceTree = SOURCE_ROOT;};
		FFFAAEE96A38B72BC38CB8E8 = {isa = PBXContainerItemProxy; containerPortal = 244210E48437B6556980A702; proxyType = 1; remoteGlobalIDString = 210EBF30BFFDDEF6EB2D5DCB; remoteInfo = "SumiPaint-macOS";};
	};
	rootObject = 244210E48437B6556980A702;
}
